{
  "name": "csbc-lambda-example-server",
  "version": "0.0.0",
  "lockfileVersion": 3,
  "requires": true,
  "packages": {
    "": {
      "name": "csbc-lambda-example-server",
      "version": "0.0.0",
      "dependencies": {
        "@csbc-dev/lambda": "file:../.."
      }
    },
    "../..": {
      "name": "@csbc-dev/lambda",
      "version": "0.1.0",
      "license": "MIT",
      "dependencies": {
        "@aws-sdk/client-lambda": "^3.937.0"
      },
      "devDependencies": {
        "happy-dom": "^20.8.3",
        "typescript": "^5.9.3",
        "vitest": "^4.0.18"
      }
    },
    "node_modules/@csbc-dev/lambda": {
      "resolved": "../..",
      "link": true
    }
  }
}
